github.com/chimera-rpg/go-common v0.0.0-20211001213343-19d4099b1d17 h1:Gg3HpGIE8OHjrSH+eWMIDg04SCCMCtsBTkMQOfaKP6c=
github.com/chimera-rpg/go-common v0.0.0-20211001213343-19d4099b1d17/go.mod h1:/FwRKhQznOZpTqwkeKsxXiRD2BJVU5hU5B932mDTQnY=
github.com/chimera-rpg/go-common v0.0.0-20211003014144-95403da53fed h1:uhsW1FINKwLE4QdywuyT9IVEUq/X6+m9f4p0hniepzo=
github.com/chimera-rpg/go-common v0.0.0-20211003014144-95403da53fed/go.mod h1:/FwRKhQznOZpTqwkeKsxXiRD2BJVU5hU5B932mDTQnY=
github.com/chimera-rpg/go-common v0.0.0-20211003061315-e5de7a287b01 h1:5E+JF+Ws5fzhJVLGzs7wLaQ6hPEcjc1JKylnOKb9cto=
github.com/chimera-rpg/go-common v0.0.0-20211003061315-e5de7a287b01/go.mod h1:/FwRKhQznOZpTqwkeKsxXiRD2BJVU5hU5B932mDTQnY=
github.com/chimera-rpg/go-common v0.0.0-20211004142054-36f08a2624d1 h1:WYLip1D/O6FYfu0BNq60A1vFQbUhBPdvtBimSyYJ7zQ=
github.com/chimera-rpg/go-common v0.0.0-20211004142054-36f08a2624d1/go.mod h1:/FwRKhQznOZpTqwkeKsxXiRD2BJVU5hU5B932mDTQnY=
github.com/chimera-rpg/go-common v0.0.0-20211004143943-1bc5bb730d83 h1:Agl49R3GucUBp2gd6OumpH+G9cwVjTkqdmQWabHa5f0=
github.com/chimera-rpg/go-common v0.0.0-20211004143943-1bc5bb730d83/go.mod h1:/FwRKhQznOZpTqwkeKsxXiRD2BJVU5hU5B932mDTQnY=
github.com/chimera-rpg/go-common v0.0.0-20211004144111-dd34da86012c h1:aR340m4NVVABEKcV1dvMKLaI2TzEIjtEu7hTZSzakVg=
github.com/chimera-rpg/go-common v0.0.0-20211004144111-dd34da86012c/go.mod h1:/FwRKhQznOZpTqwkeKsxXiRD2BJVU5hU5B932mDTQnY=
github.com/chimera-rpg/go-common v0.0.0-20211004234956-3e94037a9174 h1:Aj8PsUyrH6euL965cl8uTK2QmwfTmuGeFoRBB1VUUbE=
github.com/chimera-rpg/go-common v0.0.0-20211004234956-3e94037a9174/go.mod h1:/FwRKhQznOZpTqwkeKsxXiRD2BJVU5hU5B932mDTQnY=
github.com/chimera-rpg/go-common v0.0.0-20211006060034-0acdc3b3d904 h1:H2jrVRLfwkzT4swvN1jCda2tXG5GYBCgzB2zuDafnKs=
github.com/chimera-rpg/go-common v0.0.0-20211006060034-0acdc3b3d904/go.mod h1:/FwRKhQznOZpTqwkeKsxXiRD2BJVU5hU5B932mDTQnY=
github.com/chimera-rpg/go-common v0.0.0-20211006060441-860cf7829cd0 h1:jnpNGKm/KWOLI3aulphchqb6PewQN7Ct/adXAm7wgl0=
github.com/chimera-rpg/go-common v0.0.0-20211006060441-860cf7829cd0/go.mod h1:/FwRKhQznOZpTqwkeKsxXiRD2BJVU5hU5B932mDTQnY=
github.com/chimera-rpg/go-common v0.0.0-20211006061507-4fc107090a9e h1:urBIaP9tklFE2FXZh9YQotVAB4+z1lyVtlWLqm0Ciag=
github.com/chimera-rpg/go-common v0.0.0-20211006061507-4fc107090a9e/go.mod h1:/FwRKhQznOZpTqwkeKsxXiRD2BJVU5hU5B932mDTQnY=
github.com/chimera-rpg/go-common v0.0.0-20211006063417-9c6ae2efa8ad h1:jZLcESO0gDQ6hHdw2GdODR3ounCUvHSxteuGg0qr4r8=
github.com/chimera-rpg/go-common v0.0.0-20211006063417-9c6ae2efa8ad/go.mod h1:/FwRKhQznOZpTqwkeKsxXiRD2BJVU5hU5B932mDTQnY=
github.com/chimera-rpg/go-common v0.0.0-20211006071527-8f5eb17050e0 h1:tS+KxUawYe2FP5PMiejoqmtj5vEUhftWCXa2xBhH7e0=
github.com/chimera-rpg/go-common v0.0.0-20211006071527-8f5eb17050e0/go.mod h1:/FwRKhQznOZpTqwkeKsxXiRD2BJVU5hU5B932mDTQnY=
github.com/chimera-rpg/go-common v0.0.0-20211006071623-72e428e6279e h1:yA6azW1MWQALEcQY4kO+0WjDEq8pJMdjPvAYoRsGOjY=
github.com/chimera-rpg/go-common v0.0.0-20211006071623-72e428e6279e/go.mod h1:/FwRKhQznOZpTqwkeKsxXiRD2BJVU5hU5B932mDTQnY=
github.com/chimera-rpg/go-common v0.0.0-20211006081334-7ecdc489248b h1:s9MnPijV/mnM4wHh+sbAOmMdEjQLDlHmysZwGXf3+kg=
github.com/chimera-rpg/go-common v0.0.0-20211006081334-7ecdc489248b/go.mod h1:/FwRKhQznOZpTqwkeKsxXiRD2BJVU5hU5B932mDTQnY=
github.com/chimera-rpg/go-common v0.0.0-20211006092048-a93491eee1c6 h1:dZ7SfyB60ZnMdDdp/hPMtyLo4t24mtOgVPOuFneG46k=
github.com/chimera-rpg/go-common v0.0.0-20211006092048-a93491eee1c6/go.mod h1:/FwRKhQznOZpTqwkeKsxXiRD2BJVU5hU5B932mDTQnY=
github.com/chimera-rpg/go-common v0.0.0-20211008103435-cb578a3228e8 h1:gSz+Jrfg4cC7n7GUAHFMgqSOyZjcXOSo6XrUtLPmhXo=
github.com/chimera-rpg/go-common v0.0.0-20211008103435-cb578a3228e8/go.mod h1:/FwRKhQznOZpTqwkeKsxXiRD2BJVU5hU5B932mDTQnY=
github.com/chimera-rpg/go-common v0.0.0-20211009074854-cde1b3a26b2e h1:p0dG8L+hksEtBilob0VM/Fce3Ds1bVdbGVGwTUMgXDc=
github.com/chimera-rpg/go-common v0.0.0-20211009074854-cde1b3a26b2e/go.mod h1:/FwRKhQznOZpTqwkeKsxXiRD2BJVU5hU5B932mDTQnY=
github.com/chimera-rpg/go-common v0.0.0-20211009083832-d985dfd94628 h1:dji63Mxv7u6W2kVE4Oj+Hr0xFeKY+4SXjcm7UXC1tlw=
github.com/chimera-rpg/go-common v0.0.0-20211009083832-d985dfd94628/go.mod h1:/FwRKhQznOZpTqwkeKsxXiRD2BJVU5hU5B932mDTQnY=
github.com/chimera-rpg/go-common v0.0.0-20211011060606-a36a471afc6c h1:Hc8Ps9vBB30uEEzgHdlG/C+BMKDjOOrwnPV7mqLcSrg=
github.com/chimera-rpg/go-common v0.0.0-20211011060606-a36a471afc6c/go.mod h1:/FwRKhQznOZpTqwkeKsxXiRD2BJVU5hU5B932mDTQnY=
github.com/chimera-rpg/go-common v0.0.0-20211014022538-98f2dac63a89 h1:QdivjkWq9LbbvZYv0Kcs+C9W7Qvs8MHEwYvKqQy8Cis=
github.com/chimera-rpg/go-common v0.0.0-20211014022538-98f2dac63a89/go.mod h1:/FwRKhQznOZpTqwkeKsxXiRD2BJVU5hU5B932mDTQnY=
github.com/chimera-rpg/go-common v0.0.0-20211014115428-976988c262a6 h1:ZdJcGnP3Ss7c7l7PwZTmydQSP+pVaSLKD7m2GBbjyOg=
github.com/chimera-rpg/go-common v0.0.0-20211014115428-976988c262a6/go.mod h1:/FwRKhQznOZpTqwkeKsxXiRD2BJVU5hU5B932mDTQnY=
github.com/chimera-rpg/go-common v0.0.0-20211014122722-1daea3b104ad h1:tLYlO6GE+amt/EruhOtAFfqx+hOHVxyAE4a74YE5XTk=
github.com/chimera-rpg/go-common v0.0.0-20211014122722-1daea3b104ad/go.mod h1:/FwRKhQznOZpTqwkeKsxXiRD2BJVU5hU5B932mDTQnY=
github.com/chimera-rpg/go-common v0.0.0-20211019061022-68a9ac45f35a h1:/0Wgwq6zxgudFAsPFGFC4Mc+vC+O/b0NHFcfDKIBw9I=
github.com/chimera-rpg/go-common v0.0.0-20211019061022-68a9ac45f35a/go.mod h1:/FwRKhQznOZpTqwkeKsxXiRD2BJVU5hU5B932mDTQnY=
github.com/chimera-rpg/go-common v0.0.0-20211019104915-d2e7aa375a19 h1:K+BgBxgvVDy3Ws5YKxPsszwb0rZ/CxZ31aswRDIuQok=
github.com/chimera-rpg/go-common v0.0.0-20211019104915-d2e7aa375a19/go.mod h1:/FwRKhQznOZpTqwkeKsxXiRD2BJVU5hU5B932mDTQnY=
github.com/chimera-rpg/go-common v0.0.0-20220207083843-2c331b23a58b h1:9rknFWNNNWdG+636jDRKHgYf0bOXTjGpzoZF34Mbi9g=
github.com/chimera-rpg/go-common v0.0.0-20220207083843-2c331b23a58b/go.mod h1:/FwRKhQznOZpTqwkeKsxXiRD2BJVU5hU5B932mDTQnY=
github.com/chimera-rpg/go-common v0.0.0-20220207090613-3de2fecc5157 h1:JksgXbFpg6xbWE3cq9NVrU9TYoOrPi42hxQv36Slris=
github.com/chimera-rpg/go-common v0.0.0-20220207090613-3de2fecc5157/go.mod h1:/FwRKhQznOZpTqwkeKsxXiRD2BJVU5hU5B932mDTQnY=
github.com/chimera-rpg/go-common v0.0.0-20220209021428-424b827421e0 h1:PoF+P4rr8wNmnnibKlWxoLc/uh32yQdqQFTLlMkfRcE=
github.com/chimera-rpg/go-common v0.0.0-20220209021428-424b827421e0/go.mod h1:/FwRKhQznOZpTqwkeKsxXiRD2BJVU5hU5B932mDTQnY=
github.com/chimera-rpg/go-common v0.0.0-20220209022011-dc53675f30cf h1:/ybKoCpScHSNa/+uihrM145JEyYAbwTMbBzWTWofdn4=
github.com/chimera-rpg/go-common v0.0.0-20220209022011-dc53675f30cf/go.mod h1:/FwRKhQznOZpTqwkeKsxXiRD2BJVU5hU5B932mDTQnY=
github.com/chimera-rpg/go-common v0.0.0-20220209024614-4821accd073f h1:ZqkcaU1fgbrzC7Ja7HrqO3xR0AlncJ29d90w1Rzx9ME=
github.com/chimera-rpg/go-common v0.0.0-20220209024614-4821accd073f/go.mod h1:/FwRKhQznOZpTqwkeKsxXiRD2BJVU5hU5B932mDTQnY=
github.com/chimera-rpg/go-common v0.0.0-20220209043537-6f2960a4c89d h1:1Q4T4DUP6P3FL6BCxiLnaEi0OTOM8HoLu9hK3rKDiaQ=
github.com/chimera-rpg/go-common v0.0.0-20220209043537-6f2960a4c89d/go.mod h1:/FwRKhQznOZpTqwkeKsxXiRD2BJVU5hU5B932mDTQnY=
github.com/chimera-rpg/go-common v0.0.0-20220209084956-f047f7dbac3a h1:qu9Lkl5V///zudgnTYZ4q2sXSNMNwiItjx9axCLemJk=
github.com/chimera-rpg/go-common v0.0.0-20220209084956-f047f7dbac3a/go.mod h1:/FwRKhQznOZpTqwkeKsxXiRD2BJVU5hU5B932mDTQnY=
github.com/chimera-rpg/go-common v0.0.0-20220213234058-4697414eaee2 h1:71KXLQXZ7MAdmFPQvbjXqvl6cfqsbvxSo08esSdS7fU=
github.com/chimera-rpg/go-common v0.0.0-20220213234058-4697414eaee2/go.mod h1:/FwRKhQznOZpTqwkeKsxXiRD2BJVU5hU5B932mDTQnY=
github.com/cosmos72/gomacro v0.0.0-20220110200413-b2701849f898 h1:wJEWj0f2mjjweXAOsqw0YxEnfTwzWNpxDRGkN+SaIV0=
github.com/cosmos72/gomacro v0.0.0-20220110200413-b2701849f898/go.mod h1:60O8/t169OwS8bX0BeWSjxlGGb/I5cGYc6Brt5rWDL0=
github.com/davecgh/go-spew v1.1.1 h1:vj9j/u1bqnvCEfJOwUhtlOARqs3+rkHYY13jYWTU97c=
github.com/davecgh/go-spew v1.1.1/go.mod h1:J7Y8YcW2NihsgmVo/mv3lAwl/skON4iLHjSsI+c5H38=
github.com/imdario/mergo v0.3.8 h1:CGgOkSJeqMRmt0D9XLWExdT4m4F1vd3FV3VPt+0VxkQ=
github.com/imdario/mergo v0.3.8/go.mod h1:2EnlNZ0deacrJVfApfmtdGgDfMuh/nq6Ok1EcJh5FfA=
github.com/jinzhu/copier v0.3.2 h1:QdBOCbaouLDYaIPFfi1bKv5F5tPpeTwXe4sD0jqtz5w=
github.com/jinzhu/copier v0.3.2/go.mod h1:24xnZezI2Yqac9J61UC6/dG/k76ttpq0DdJI3QmUvro=
github.com/konsorten/go-windows-terminal-sequences v1.0.3 h1:CE8S1cTafDpPvMhIxNJKvHsGVBgn1xWYf1NbHQhywc8=
github.com/konsorten/go-windows-terminal-sequences v1.0.3/go.mod h1:T0+1ngSBFLxvqU3pZ+m/2kptfBszLMUkC4ZK/EgS/cQ=
github.com/mattn/go-runewidth v0.0.3/go.mod h1:LwmH8dsx7+W8Uxz3IHJYH5QSwggIsqBzpuz5H//U1FU=
github.com/mattn/go-runewidth v0.0.13 h1:lTGmDsbAYt5DmK6OnoV7EuIF1wEIFAcxld6ypU4OSgU=
github.com/mattn/go-runewidth v0.0.13/go.mod h1:Jdepj2loyihRzMpdS35Xk/zdY8IAYHsh153qUoGf23w=
github.com/peterh/liner v1.2.1 h1:O4BlKaq/LWu6VRWmol4ByWfzx6MfXc5Op5HETyIy5yg=
github.com/peterh/liner v1.2.1/go.mod h1:CRroGNssyjTd/qIG2FyxByd2S8JEAZXBl4qUrZf8GS0=
github.com/pmezard/go-difflib v1.0.0 h1:4DBwDE0NGyQoBHbLQYPwSUPoCMWR5BEzIk/f1lZbAQM=
github.com/pmezard/go-difflib v1.0.0/go.mod h1:iKH77koFhYxTK1pcRnkKkqfTogsbg7gZNVY4sRDYZ/4=
github.com/rivo/uniseg v0.2.0 h1:S1pD9weZBuJdFmowNwbpi7BJ8TNftyUImj/0WQi72jY=
github.com/rivo/uniseg v0.2.0/go.mod h1:J6wj4VEh+S6ZtnVlnTBMWIodfgj8LQOQFoIToxlJtxc=
github.com/sirupsen/logrus v1.6.0 h1:UBcNElsrwanuuMsnGSlYmtmgbb23qDR5dG+6X6Oo89I=
github.com/sirupsen/logrus v1.6.0/go.mod h1:7uNnSEd1DgxDLC74fIahvMZmmYsHGZGEOFrfsX/uA88=
github.com/stretchr/testify v1.2.2 h1:bSDNvY7ZPG5RlJ8otE/7V6gMiyenm9RtJ7IUVIAoJ1w=
github.com/stretchr/testify v1.2.2/go.mod h1:a8OnRcib4nhh0OaRAV+Yts87kKdq0PP7pXfy6kDkUVs=
github.com/yuin/goldmark v1.4.1/go.mod h1:mwnBkeHKe2W/ZEtQ+71ViKU8L12m81fl3OWwC1Zlc8k=
golang.org/x/crypto v0.0.0-20190308221718-c2843e01d9a2/go.mod h1:djNgcEr1/C05ACkg1iLfiJU5Ep61QUkGW8qpdssI0+w=
golang.org/x/crypto v0.0.0-20190605123033-f99c8df09eb5 h1:58fnuSXlxZmFdJyvtTFVmVhcMLU6v5fEb/ok4wyqtNU=
golang.org/x/crypto v0.0.0-20190605123033-f99c8df09eb5/go.mod h1:yigFU9vqHzYiE8UmvKecakEJjdnWj3jj499lnFckfCI=
golang.org/x/crypto v0.0.0-20191011191535-87dc89f01550 h1:ObdrDkeb4kJdCP557AjRjq69pTHfNouLtWZG7j9rPN8=
golang.org/x/crypto v0.0.0-20191011191535-87dc89f01550/go.mod h1:yigFU9vqHzYiE8UmvKecakEJjdnWj3jj499lnFckfCI=
golang.org/x/mod v0.5.1 h1:OJxoQ/rynoF0dcCdI7cLPktw/hR2cueqYfjm43oqK38=
golang.org/x/mod v0.5.1/go.mod h1:5OXOZSfqPIIbmVBIIKWRFfZjPR0E5r58TLhUjH0a2Ro=
golang.org/x/net v0.0.0-20190404232315-eb5bcb51f2a3/go.mod h1:t9HGtf8HONx5eT2rtn7q6eTqICYqUVnKs3thJo3Qplg=
golang.org/x/net v0.0.0-20190620200207-3b0461eec859/go.mod h1:z5CRVTTTmAJ677TzLLGU+0bjPO0LkuOLi4/5GtJWs/s=
golang.org/x/net v0.0.0-20211015210444-4f30a5c0130f/go.mod h1:9nx3DQGgdP8bBQD5qxJ1jj9UTztislL4KSBs9R2vV5Y=
golang.org/x/sync v0.0.0-20190423024810-112230192c58/go.mod h1:RxMgew5VJxzue5/jJTE5uejpjVlOe/izrB70Jof72aM=
golang.org/x/sync v0.0.0-20210220032951-036812b2e83c/go.mod h1:RxMgew5VJxzue5/jJTE5uejpjVlOe/izrB70Jof72aM=
golang.org/x/sys v0.0.0-20190215142949-d0b11bdaac8a/go.mod h1:STP8DvDyc/dI5b8T5hshtkjS+E42TnysNCUPdjciGhY=
golang.org/x/sys v0.0.0-20190412213103-97732733099d/go.mod h1:h1NjWce9XRLGQEsW7wpKNCjG9DtNlClVuFLEZdDNbEs=
golang.org/x/sys v0.0.0-20190422165155-953cdadca894 h1:Cz4ceDQGXuKRnVBDTS23GTn/pU5OE2C0WrNTOYK1Uuc=
golang.org/x/sys v0.0.0-20190422165155-953cdadca894/go.mod h1:h1NjWce9XRLGQEsW7wpKNCjG9DtNlClVuFLEZdDNbEs=
golang.org/x/sys v0.0.0-20201119102817-f84b799fce68/go.mod h1:h1NjWce9XRLGQEsW7wpKNCjG9DtNlClVuFLEZdDNbEs=
golang.org/x/sys v0.0.0-20210423082822-04245dca01da/go.mod h1:h1NjWce9XRLGQEsW7wpKNCjG9DtNlClVuFLEZdDNbEs=
golang.org/x/sys v0.0.0-20211019181941-9d821ace8654 h1:id054HUawV2/6IGm2IV8KZQjqtwAOo2CYlOToYqa0d0=
golang.org/x/sys v0.0.0-20211019181941-9d821ace8654/go.mod h1:oPkhp1MJrh7nUepCBck5+mAzfO9JrbApNNgaTdGDITg=
golang.org/x/term v0.0.0-20201126162022-7de9c90e9dd1/go.mod h1:bj7SfCRtBDWHUb9snDiAeCFNEtKQo2Wmx5Cou7ajbmo=
golang.org/x/text v0.3.0/go.mod h1:NqM8EUOU14njkJ3fqMW+pc6Ldnwhi/IjpwHt7yyuwOQ=
golang.org/x/text v0.3.6/go.mod h1:5Zoc/QRtKVWzQhOtBMvqHzDpF6irO9z98xDceosuGiQ=
golang.org/x/text v0.3.7/go.mod h1:u+2+/6zg+i71rQMx5EYifcz6MCKuco9NR6JIITiCfzQ=
golang.org/x/tools v0.0.0-20180917221912-90fa682c2a6e/go.mod h1:n7NCudcB/nEzxVGmLbDWY5pfWTLqBcC2KZ6jyYvM4mQ=
golang.org/x/tools v0.0.0-20191119224855-298f0cb1881e/go.mod h1:b+2E5dAYhXwXZwtnZ6UAqBI28+e2cm9otk0dWdXHAEo=
golang.org/x/tools v0.1.8 h1:P1HhGGuLW4aAclzjtmJdf0mJOjVUZUzOTqkAkWL+l6w=
golang.org/x/tools v0.1.8/go.mod h1:nABZi5QlRsZVlzPpHl034qft6wpY4eDcsTt5AaioBiU=
golang.org/x/xerrors v0.0.0-20190717185122-a985d3407aa7/go.mod h1:I/5z698sn9Ka8TeJc9MKroUUfqBBauWjQqLJ2OPfmY0=
golang.org/x/xerrors v0.0.0-20191011141410-1b5146add898/go.mod h1:I/5z698sn9Ka8TeJc9MKroUUfqBBauWjQqLJ2OPfmY0=
golang.org/x/xerrors v0.0.0-20200804184101-5ec99f83aff1 h1:go1bK/D/BFZV2I8cIQd1NKEZ+0owSTG1fDTci4IqFcE=
golang.org/x/xerrors v0.0.0-20200804184101-5ec99f83aff1/go.mod h1:I/5z698sn9Ka8TeJc9MKroUUfqBBauWjQqLJ2OPfmY0=
gopkg.in/check.v1 v0.0.0-20161208181325-20d25e280405 h1:yhCVgyC4o1eVCa2tZl7eS0r+SDo693bJlVdllGtEeKM=
gopkg.in/check.v1 v0.0.0-20161208181325-20d25e280405/go.mod h1:Co6ibVJAznAaIkqp8huTwlJQCZ016jof/cbN4VW5Yz0=
gopkg.in/yaml.v2 v2.2.7 h1:VUgggvou5XRW9mHwD/yXxIYSMtY0zoKQf/v226p2nyo=
gopkg.in/yaml.v2 v2.2.7/go.mod h1:hI93XBmqTisBFMUTm0b8Fm+jr3Dg1NNxqwp+5A1VGuI=
