github.com/chimera-rpg/go-common v0.0.0-20181020045413-f6f2c1a21d5c h1:9wcas++S+pNoWlezWgqZ2Fj6PiziLR2TJAypBh+8XDI=
github.com/chimera-rpg/go-common v0.0.0-20181020045413-f6f2c1a21d5c/go.mod h1:/FwRKhQznOZpTqwkeKsxXiRD2BJVU5hU5B932mDTQnY=
github.com/eczarny/lexer v0.0.0-20141213044152-5fcb9a5b73e7 h1:IapuIIztRMDE1P89/1LEWH3dxS6V6VOTUyQ3uGzgFsw=
github.com/eczarny/lexer v0.0.0-20141213044152-5fcb9a5b73e7/go.mod h1:oAvLpuAW27eYdm/pSDkQaWpcGTd+s8poB/hCRj76rPg=
